
Microsoft Visual Studio Solution File, Format Version 12.00
# Visual Studio 15
VisualStudioVersion = 15.0.28307.645
MinimumVisualStudioVersion = 10.0.40219.1
Project("{FAE04EC0-301F-11D3-BF4B-00C04F79EFBC}") = "SonarqubeIssueExtractor", "SonarqubeIssueExtractor\SonarqubeIssueExtractor.csproj", "{98DBA0F2-B3E4-414A-9AB8-ED175B342E8C}"
EndProject
Global
	GlobalSection(SolutionConfigurationPlatforms) = preSolution
		Debug|Any CPU = Debug|Any CPU
		Release|Any CPU = Release|Any CPU
	EndGlobalSection
	GlobalSection(ProjectConfigurationPlatforms) = postSolution
		{98DBA0F2-B3E4-414A-9AB8-ED175B342E8C}.Debug|Any CPU.ActiveCfg = Debug|Any CPU
		{98DBA0F2-B3E4-414A-9AB8-ED175B342E8C}.Debug|Any CPU.Build.0 = Debug|Any CPU
		{98DBA0F2-B3E4-414A-9AB8-ED175B342E8C}.Release|Any CPU.ActiveCfg = Release|Any CPU
		{98DBA0F2-B3E4-414A-9AB8-ED175B342E8C}.Release|Any CPU.Build.0 = Release|Any CPU
	EndGlobalSection
	GlobalSection(SolutionProperties) = preSolution
		HideSolutionNode = FALSE
	EndGlobalSection
	GlobalSection(ExtensibilityGlobals) = postSolution
		SolutionGuid = {A8D039A4-D644-4700-AE17-BB07FBA1C551}
	EndGlobalSection
EndGlobal
